
Microsoft Visual Studio Solution File, Format Version 12.00
# Visual Studio Version 17
VisualStudioVersion = 17.2.32616.157
MinimumVisualStudioVersion = 10.0.40219.1
Project("{FAE04EC0-301F-11D3-BF4B-00C04F79EFBC}") = "HW_9_bot", "HW_9_bot\HW_9_bot.csproj", "{76DC8220-2736-4C58-B45C-378B77E7A5E3}"
EndProject
Global
	GlobalSection(SolutionConfigurationPlatforms) = preSolution
		Debug|Any CPU = Debug|Any CPU
		Release|Any CPU = Release|Any CPU
	EndGlobalSection
	GlobalSection(ProjectConfigurationPlatforms) = postSolution
		{76DC8220-2736-4C58-B45C-378B77E7A5E3}.Debug|Any CPU.ActiveCfg = Debug|Any CPU
		{76DC8220-2736-4C58-B45C-378B77E7A5E3}.Debug|Any CPU.Build.0 = Debug|Any CPU
		{76DC8220-2736-4C58-B45C-378B77E7A5E3}.Release|Any CPU.ActiveCfg = Release|Any CPU
		{76DC8220-2736-4C58-B45C-378B77E7A5E3}.Release|Any CPU.Build.0 = Release|Any CPU
	EndGlobalSection
	GlobalSection(SolutionProperties) = preSolution
		HideSolutionNode = FALSE
	EndGlobalSection
	GlobalSection(ExtensibilityGlobals) = postSolution
		SolutionGuid = {04815F1A-F9FB-4FBF-868D-5763E3A583CE}
	EndGlobalSection
EndGlobal
